dependencies:
  idf:
    source:
      type: idf
    version: 5.3.2
  it8951-esp32:
    component_hash: 8b4b11a50ac5c879fd25ca0dfabb0a0be47a9b09720eceddf4de57ea40f4c42e
    dependencies:
    - name: idf
      version: '>=5.0'
    source:
      git: https://github.com/pvginkel/it8951-esp32.git
      path: .
      type: git
    version: 789452789a7ede5daa1d8f05bdcadc620f8f62c9
  lvgl/lvgl:
    component_hash: 2567762b19953712ee38789ad8f8de57ad1f6e39283adefbbfc7184ffe662831
    dependencies: []
    source:
      registry_url: https://components.espressif.com/
      type: service
    version: 8.2.0
direct_dependencies:
- idf
- it8951-esp32
- lvgl/lvgl
manifest_hash: 49a47792fcd2e4e3d49e08bde0ac32bece7fa2b74fa5c4b481b26183b41e3359
target: esp32s3
version: 2.0.0
